
Microsoft Visual Studio Solution File, Format Version 12.00
# Visual Studio Version 16
VisualStudioVersion = 25.0.1704.2
MinimumVisualStudioVersion = 10.0.40219.1
Project("{FAE04EC0-301F-11D3-BF4B-00C04F79EFBC}") = "AspDotNetApp", "AspDotNetApp\AspDotNetApp.csproj", "{27396576-6525-4FE8-ABFC-9F5B9873EEEA}"
EndProject
Global
	GlobalSection(SolutionConfigurationPlatforms) = preSolution
		Debug|Any CPU = Debug|Any CPU
		Release|Any CPU = Release|Any CPU
	EndGlobalSection
	GlobalSection(ProjectConfigurationPlatforms) = postSolution
		{27396576-6525-4FE8-ABFC-9F5B9873EEEA}.Debug|Any CPU.ActiveCfg = Debug|Any CPU
		{27396576-6525-4FE8-ABFC-9F5B9873EEEA}.Debug|Any CPU.Build.0 = Debug|Any CPU
		{27396576-6525-4FE8-ABFC-9F5B9873EEEA}.Release|Any CPU.ActiveCfg = Release|Any CPU
		{27396576-6525-4FE8-ABFC-9F5B9873EEEA}.Release|Any CPU.Build.0 = Release|Any CPU
	EndGlobalSection
	GlobalSection(SolutionProperties) = preSolution
		HideSolutionNode = FALSE
	EndGlobalSection
	GlobalSection(ExtensibilityGlobals) = postSolution
		SolutionGuid = {832E9CB2-9869-40F1-BD92-BA57DC52F2A4}
	EndGlobalSection
EndGlobal
